
Microsoft Visual Studio Solution File, Format Version 12.00
# Visual Studio 14
VisualStudioVersion = 14.0.23107.0
MinimumVisualStudioVersion = 10.0.40219.1
Project("{FAE04EC0-301F-11D3-BF4B-00C04F79EFBC}") = "CrawlerVisualizationUI", "CrawlerVisualization\CrawlerVisualizationUI.csproj", "{137A3458-D2DE-4D50-B585-3092FF1DF543}"
EndProject
Project("{FAE04EC0-301F-11D3-BF4B-00C04F79EFBC}") = "CrawlerVisualizationBusinessLogic", "CrawlerVisualizationBusinessLogic\CrawlerVisualizationBusinessLogic.csproj", "{3736A90E-FDB2-443F-988F-19871AC31326}"
EndProject
Project("{FAE04EC0-301F-11D3-BF4B-00C04F79EFBC}") = "GraphX.PCL.Logic", "..\..\..\..\Downloads\GraphX-2.3.3\GraphX.PCL.Logic\GraphX.PCL.Logic.csproj", "{A30D218B-AAA4-483A-99F7-EAEB1B8B4610}"
EndProject
Project("{FAE04EC0-301F-11D3-BF4B-00C04F79EFBC}") = "GraphX.PCL.Common", "..\..\..\..\Downloads\GraphX-2.3.3\GraphX.PCL.Common\GraphX.PCL.Common.csproj", "{3644D44B-DEC0-4B65-BBA0-C68E34821AAE}"
EndProject
Project("{FAE04EC0-301F-11D3-BF4B-00C04F79EFBC}") = "GraphX.WPF.Controls", "..\..\..\..\Downloads\GraphX-2.3.3\GraphX.Controls\GraphX.WPF.Controls.csproj", "{D2E33FEE-6689-4BB4-A95C-1B5C327A1E8F}"
EndProject
Global
	GlobalSection(SolutionConfigurationPlatforms) = preSolution
		CutRelease|Any CPU = CutRelease|Any CPU
		CutRelease|x64 = CutRelease|x64
		CutRelease|x86 = CutRelease|x86
		Debug Surface Graph Viewer|Any CPU = Debug Surface Graph Viewer|Any CPU
		Debug Surface Graph Viewer|x64 = Debug Surface Graph Viewer|x64
		Debug Surface Graph Viewer|x86 = Debug Surface Graph Viewer|x86
		Debug|Any CPU = Debug|Any CPU
		Debug|x64 = Debug|x64
		Debug|x86 = Debug|x86
		DebugDevTrace|Any CPU = DebugDevTrace|Any CPU
		DebugDevTrace|x64 = DebugDevTrace|x64
		DebugDevTrace|x86 = DebugDevTrace|x86
		DebugSurface|Any CPU = DebugSurface|Any CPU
		DebugSurface|x64 = DebugSurface|x64
		DebugSurface|x86 = DebugSurface|x86
		DebugWithoutRebuild|Any CPU = DebugWithoutRebuild|Any CPU
		DebugWithoutRebuild|x64 = DebugWithoutRebuild|x64
		DebugWithoutRebuild|x86 = DebugWithoutRebuild|x86
		MinimalMsagl|Any CPU = MinimalMsagl|Any CPU
		MinimalMsagl|x64 = MinimalMsagl|x64
		MinimalMsagl|x86 = MinimalMsagl|x86
		Release|Any CPU = Release|Any CPU
		Release|x64 = Release|x64
		Release|x86 = Release|x86
		Retail|Any CPU = Retail|Any CPU
		Retail|x64 = Retail|x64
		Retail|x86 = Retail|x86
		Setup|Any CPU = Setup|Any CPU
		Setup|x64 = Setup|x64
		Setup|x86 = Setup|x86
		Surface Graph Viewer - Debug|Any CPU = Surface Graph Viewer - Debug|Any CPU
		Surface Graph Viewer - Debug|x64 = Surface Graph Viewer - Debug|x64
		Surface Graph Viewer - Debug|x86 = Surface Graph Viewer - Debug|x86
		Surface Graph Viewer - Release|Any CPU = Surface Graph Viewer - Release|Any CPU
		Surface Graph Viewer - Release|x64 = Surface Graph Viewer - Release|x64
		Surface Graph Viewer - Release|x86 = Surface Graph Viewer - Release|x86
	EndGlobalSection
	GlobalSection(ProjectConfigurationPlatforms) = postSolution
		{137A3458-D2DE-4D50-B585-3092FF1DF543}.CutRelease|Any CPU.ActiveCfg = Release|Any CPU
		{137A3458-D2DE-4D50-B585-3092FF1DF543}.CutRelease|Any CPU.Build.0 = Release|Any CPU
		{137A3458-D2DE-4D50-B585-3092FF1DF543}.CutRelease|x64.ActiveCfg = Release|Any CPU
		{137A3458-D2DE-4D50-B585-3092FF1DF543}.CutRelease|x64.Build.0 = Release|Any CPU
		{137A3458-D2DE-4D50-B585-3092FF1DF543}.CutRelease|x86.ActiveCfg = Release|Any CPU
		{137A3458-D2DE-4D50-B585-3092FF1DF543}.CutRelease|x86.Build.0 = Release|Any CPU
		{137A3458-D2DE-4D50-B585-3092FF1DF543}.Debug Surface Graph Viewer|Any CPU.ActiveCfg = Debug|Any CPU
		{137A3458-D2DE-4D50-B585-3092FF1DF543}.Debug Surface Graph Viewer|Any CPU.Build.0 = Debug|Any CPU
		{137A3458-D2DE-4D50-B585-3092FF1DF543}.Debug Surface Graph Viewer|x64.ActiveCfg = Debug|Any CPU
		{137A3458-D2DE-4D50-B585-3092FF1DF543}.Debug Surface Graph Viewer|x64.Build.0 = Debug|Any CPU
		{137A3458-D2DE-4D50-B585-3092FF1DF543}.Debug Surface Graph Viewer|x86.ActiveCfg = Debug|Any CPU
		{137A3458-D2DE-4D50-B585-3092FF1DF543}.Debug Surface Graph Viewer|x86.Build.0 = Debug|Any CPU
		{137A3458-D2DE-4D50-B585-3092FF1DF543}.Debug|Any CPU.ActiveCfg = Debug|Any CPU
		{137A3458-D2DE-4D50-B585-3092FF1DF543}.Debug|Any CPU.Build.0 = Debug|Any CPU
		{137A3458-D2DE-4D50-B585-3092FF1DF543}.Debug|x64.ActiveCfg = Debug|Any CPU
		{137A3458-D2DE-4D50-B585-3092FF1DF543}.Debug|x64.Build.0 = Debug|Any CPU
		{137A3458-D2DE-4D50-B585-3092FF1DF543}.Debug|x86.ActiveCfg = Debug|Any CPU
		{137A3458-D2DE-4D50-B585-3092FF1DF543}.Debug|x86.Build.0 = Debug|Any CPU
		{137A3458-D2DE-4D50-B585-3092FF1DF543}.DebugDevTrace|Any CPU.ActiveCfg = Debug|Any CPU
		{137A3458-D2DE-4D50-B585-3092FF1DF543}.DebugDevTrace|Any CPU.Build.0 = Debug|Any CPU
		{137A3458-D2DE-4D50-B585-3092FF1DF543}.DebugDevTrace|x64.ActiveCfg = Debug|Any CPU
		{137A3458-D2DE-4D50-B585-3092FF1DF543}.DebugDevTrace|x64.Build.0 = Debug|Any CPU
		{137A3458-D2DE-4D50-B585-3092FF1DF543}.DebugDevTrace|x86.ActiveCfg = Debug|Any CPU
		{137A3458-D2DE-4D50-B585-3092FF1DF543}.DebugDevTrace|x86.Build.0 = Debug|Any CPU
		{137A3458-D2DE-4D50-B585-3092FF1DF543}.DebugSurface|Any CPU.ActiveCfg = Debug|Any CPU
		{137A3458-D2DE-4D50-B585-3092FF1DF543}.DebugSurface|Any CPU.Build.0 = Debug|Any CPU
		{137A3458-D2DE-4D50-B585-3092FF1DF543}.DebugSurface|x64.ActiveCfg = Debug|Any CPU
		{137A3458-D2DE-4D50-B585-3092FF1DF543}.DebugSurface|x64.Build.0 = Debug|Any CPU
		{137A3458-D2DE-4D50-B585-3092FF1DF543}.DebugSurface|x86.ActiveCfg = Debug|Any CPU
		{137A3458-D2DE-4D50-B585-3092FF1DF543}.DebugSurface|x86.Build.0 = Debug|Any CPU
		{137A3458-D2DE-4D50-B585-3092FF1DF543}.DebugWithoutRebuild|Any CPU.ActiveCfg = Debug|Any CPU
		{137A3458-D2DE-4D50-B585-3092FF1DF543}.DebugWithoutRebuild|Any CPU.Build.0 = Debug|Any CPU
		{137A3458-D2DE-4D50-B585-3092FF1DF543}.DebugWithoutRebuild|x64.ActiveCfg = Debug|Any CPU
		{137A3458-D2DE-4D50-B585-3092FF1DF543}.DebugWithoutRebuild|x64.Build.0 = Debug|Any CPU
		{137A3458-D2DE-4D50-B585-3092FF1DF543}.DebugWithoutRebuild|x86.ActiveCfg = Debug|Any CPU
		{137A3458-D2DE-4D50-B585-3092FF1DF543}.DebugWithoutRebuild|x86.Build.0 = Debug|Any CPU
		{137A3458-D2DE-4D50-B585-3092FF1DF543}.MinimalMsagl|Any CPU.ActiveCfg = Release|Any CPU
		{137A3458-D2DE-4D50-B585-3092FF1DF543}.MinimalMsagl|Any CPU.Build.0 = Release|Any CPU
		{137A3458-D2DE-4D50-B585-3092FF1DF543}.MinimalMsagl|x64.ActiveCfg = Release|Any CPU
		{137A3458-D2DE-4D50-B585-3092FF1DF543}.MinimalMsagl|x64.Build.0 = Release|Any CPU
		{137A3458-D2DE-4D50-B585-3092FF1DF543}.MinimalMsagl|x86.ActiveCfg = Release|Any CPU
		{137A3458-D2DE-4D50-B585-3092FF1DF543}.MinimalMsagl|x86.Build.0 = Release|Any CPU
		{137A3458-D2DE-4D50-B585-3092FF1DF543}.Release|Any CPU.ActiveCfg = Release|Any CPU
		{137A3458-D2DE-4D50-B585-3092FF1DF543}.Release|Any CPU.Build.0 = Release|Any CPU
		{137A3458-D2DE-4D50-B585-3092FF1DF543}.Release|x64.ActiveCfg = Release|Any CPU
		{137A3458-D2DE-4D50-B585-3092FF1DF543}.Release|x64.Build.0 = Release|Any CPU
		{137A3458-D2DE-4D50-B585-3092FF1DF543}.Release|x86.ActiveCfg = Release|Any CPU
		{137A3458-D2DE-4D50-B585-3092FF1DF543}.Release|x86.Build.0 = Release|Any CPU
		{137A3458-D2DE-4D50-B585-3092FF1DF543}.Retail|Any CPU.ActiveCfg = Release|Any CPU
		{137A3458-D2DE-4D50-B585-3092FF1DF543}.Retail|Any CPU.Build.0 = Release|Any CPU
		{137A3458-D2DE-4D50-B585-3092FF1DF543}.Retail|x64.ActiveCfg = Release|Any CPU
		{137A3458-D2DE-4D50-B585-3092FF1DF543}.Retail|x64.Build.0 = Release|Any CPU
		{137A3458-D2DE-4D50-B585-3092FF1DF543}.Retail|x86.ActiveCfg = Release|Any CPU
		{137A3458-D2DE-4D50-B585-3092FF1DF543}.Retail|x86.Build.0 = Release|Any CPU
		{137A3458-D2DE-4D50-B585-3092FF1DF543}.Setup|Any CPU.ActiveCfg = Release|Any CPU
		{137A3458-D2DE-4D50-B585-3092FF1DF543}.Setup|Any CPU.Build.0 = Release|Any CPU
		{137A3458-D2DE-4D50-B585-3092FF1DF543}.Setup|x64.ActiveCfg = Release|Any CPU
		{137A3458-D2DE-4D50-B585-3092FF1DF543}.Setup|x64.Build.0 = Release|Any CPU
		{137A3458-D2DE-4D50-B585-3092FF1DF543}.Setup|x86.ActiveCfg = Release|Any CPU
		{137A3458-D2DE-4D50-B585-3092FF1DF543}.Setup|x86.Build.0 = Release|Any CPU
		{137A3458-D2DE-4D50-B585-3092FF1DF543}.Surface Graph Viewer - Debug|Any CPU.ActiveCfg = Debug|Any CPU
		{137A3458-D2DE-4D50-B585-3092FF1DF543}.Surface Graph Viewer - Debug|Any CPU.Build.0 = Debug|Any CPU
		{137A3458-D2DE-4D50-B585-3092FF1DF543}.Surface Graph Viewer - Debug|x64.ActiveCfg = Debug|Any CPU
		{137A3458-D2DE-4D50-B585-3092FF1DF543}.Surface Graph Viewer - Debug|x64.Build.0 = Debug|Any CPU
		{137A3458-D2DE-4D50-B585-3092FF1DF543}.Surface Graph Viewer - Debug|x86.ActiveCfg = Debug|Any CPU
		{137A3458-D2DE-4D50-B585-3092FF1DF543}.Surface Graph Viewer - Debug|x86.Build.0 = Debug|Any CPU
		{137A3458-D2DE-4D50-B585-3092FF1DF543}.Surface Graph Viewer - Release|Any CPU.ActiveCfg = Release|Any CPU
		{137A3458-D2DE-4D50-B585-3092FF1DF543}.Surface Graph Viewer - Release|Any CPU.Build.0 = Release|Any CPU
		{137A3458-D2DE-4D50-B585-3092FF1DF543}.Surface Graph Viewer - Release|x64.ActiveCfg = Release|Any CPU
		{137A3458-D2DE-4D50-B585-3092FF1DF543}.Surface Graph Viewer - Release|x64.Build.0 = Release|Any CPU
		{137A3458-D2DE-4D50-B585-3092FF1DF543}.Surface Graph Viewer - Release|x86.ActiveCfg = Release|Any CPU
		{137A3458-D2DE-4D50-B585-3092FF1DF543}.Surface Graph Viewer - Release|x86.Build.0 = Release|Any CPU
		{3736A90E-FDB2-443F-988F-19871AC31326}.CutRelease|Any CPU.ActiveCfg = Release|Any CPU
		{3736A90E-FDB2-443F-988F-19871AC31326}.CutRelease|Any CPU.Build.0 = Release|Any CPU
		{3736A90E-FDB2-443F-988F-19871AC31326}.CutRelease|x64.ActiveCfg = Release|Any CPU
		{3736A90E-FDB2-443F-988F-19871AC31326}.CutRelease|x64.Build.0 = Release|Any CPU
		{3736A90E-FDB2-443F-988F-19871AC31326}.CutRelease|x86.ActiveCfg = Release|Any CPU
		{3736A90E-FDB2-443F-988F-19871AC31326}.CutRelease|x86.Build.0 = Release|Any CPU
		{3736A90E-FDB2-443F-988F-19871AC31326}.Debug Surface Graph Viewer|Any CPU.ActiveCfg = Debug|Any CPU
		{3736A90E-FDB2-443F-988F-19871AC31326}.Debug Surface Graph Viewer|Any CPU.Build.0 = Debug|Any CPU
		{3736A90E-FDB2-443F-988F-19871AC31326}.Debug Surface Graph Viewer|x64.ActiveCfg = Debug|Any CPU
		{3736A90E-FDB2-443F-988F-19871AC31326}.Debug Surface Graph Viewer|x64.Build.0 = Debug|Any CPU
		{3736A90E-FDB2-443F-988F-19871AC31326}.Debug Surface Graph Viewer|x86.ActiveCfg = Debug|Any CPU
		{3736A90E-FDB2-443F-988F-19871AC31326}.Debug Surface Graph Viewer|x86.Build.0 = Debug|Any CPU
		{3736A90E-FDB2-443F-988F-19871AC31326}.Debug|Any CPU.ActiveCfg = Debug|Any CPU
		{3736A90E-FDB2-443F-988F-19871AC31326}.Debug|Any CPU.Build.0 = Debug|Any CPU
		{3736A90E-FDB2-443F-988F-19871AC31326}.Debug|x64.ActiveCfg = Debug|Any CPU
		{3736A90E-FDB2-443F-988F-19871AC31326}.Debug|x64.Build.0 = Debug|Any CPU
		{3736A90E-FDB2-443F-988F-19871AC31326}.Debug|x86.ActiveCfg = Debug|Any CPU
		{3736A90E-FDB2-443F-988F-19871AC31326}.Debug|x86.Build.0 = Debug|Any CPU
		{3736A90E-FDB2-443F-988F-19871AC31326}.DebugDevTrace|Any CPU.ActiveCfg = Debug|Any CPU
		{3736A90E-FDB2-443F-988F-19871AC31326}.DebugDevTrace|Any CPU.Build.0 = Debug|Any CPU
		{3736A90E-FDB2-443F-988F-19871AC31326}.DebugDevTrace|x64.ActiveCfg = Debug|Any CPU
		{3736A90E-FDB2-443F-988F-19871AC31326}.DebugDevTrace|x64.Build.0 = Debug|Any CPU
		{3736A90E-FDB2-443F-988F-19871AC31326}.DebugDevTrace|x86.ActiveCfg = Debug|Any CPU
		{3736A90E-FDB2-443F-988F-19871AC31326}.DebugDevTrace|x86.Build.0 = Debug|Any CPU
		{3736A90E-FDB2-443F-988F-19871AC31326}.DebugSurface|Any CPU.ActiveCfg = Debug|Any CPU
		{3736A90E-FDB2-443F-988F-19871AC31326}.DebugSurface|Any CPU.Build.0 = Debug|Any CPU
		{3736A90E-FDB2-443F-988F-19871AC31326}.DebugSurface|x64.ActiveCfg = Debug|Any CPU
		{3736A90E-FDB2-443F-988F-19871AC31326}.DebugSurface|x64.Build.0 = Debug|Any CPU
		{3736A90E-FDB2-443F-988F-19871AC31326}.DebugSurface|x86.ActiveCfg = Debug|Any CPU
		{3736A90E-FDB2-443F-988F-19871AC31326}.DebugSurface|x86.Build.0 = Debug|Any CPU
		{3736A90E-FDB2-443F-988F-19871AC31326}.DebugWithoutRebuild|Any CPU.ActiveCfg = Debug|Any CPU
		{3736A90E-FDB2-443F-988F-19871AC31326}.DebugWithoutRebuild|Any CPU.Build.0 = Debug|Any CPU
		{3736A90E-FDB2-443F-988F-19871AC31326}.DebugWithoutRebuild|x64.ActiveCfg = Debug|Any CPU
		{3736A90E-FDB2-443F-988F-19871AC31326}.DebugWithoutRebuild|x64.Build.0 = Debug|Any CPU
		{3736A90E-FDB2-443F-988F-19871AC31326}.DebugWithoutRebuild|x86.ActiveCfg = Debug|Any CPU
		{3736A90E-FDB2-443F-988F-19871AC31326}.DebugWithoutRebuild|x86.Build.0 = Debug|Any CPU
		{3736A90E-FDB2-443F-988F-19871AC31326}.MinimalMsagl|Any CPU.ActiveCfg = Release|Any CPU
		{3736A90E-FDB2-443F-988F-19871AC31326}.MinimalMsagl|Any CPU.Build.0 = Release|Any CPU
		{3736A90E-FDB2-443F-988F-19871AC31326}.MinimalMsagl|x64.ActiveCfg = Release|Any CPU
		{3736A90E-FDB2-443F-988F-19871AC31326}.MinimalMsagl|x64.Build.0 = Release|Any CPU
		{3736A90E-FDB2-443F-988F-19871AC31326}.MinimalMsagl|x86.ActiveCfg = Release|Any CPU
		{3736A90E-FDB2-443F-988F-19871AC31326}.MinimalMsagl|x86.Build.0 = Release|Any CPU
		{3736A90E-FDB2-443F-988F-19871AC31326}.Release|Any CPU.ActiveCfg = Release|Any CPU
		{3736A90E-FDB2-443F-988F-19871AC31326}.Release|Any CPU.Build.0 = Release|Any CPU
		{3736A90E-FDB2-443F-988F-19871AC31326}.Release|x64.ActiveCfg = Release|Any CPU
		{3736A90E-FDB2-443F-988F-19871AC31326}.Release|x64.Build.0 = Release|Any CPU
		{3736A90E-FDB2-443F-988F-19871AC31326}.Release|x86.ActiveCfg = Release|Any CPU
		{3736A90E-FDB2-443F-988F-19871AC31326}.Release|x86.Build.0 = Release|Any CPU
		{3736A90E-FDB2-443F-988F-19871AC31326}.Retail|Any CPU.ActiveCfg = Release|Any CPU
		{3736A90E-FDB2-443F-988F-19871AC31326}.Retail|Any CPU.Build.0 = Release|Any CPU
		{3736A90E-FDB2-443F-988F-19871AC31326}.Retail|x64.ActiveCfg = Release|Any CPU
		{3736A90E-FDB2-443F-988F-19871AC31326}.Retail|x64.Build.0 = Release|Any CPU
		{3736A90E-FDB2-443F-988F-19871AC31326}.Retail|x86.ActiveCfg = Release|Any CPU
		{3736A90E-FDB2-443F-988F-19871AC31326}.Retail|x86.Build.0 = Release|Any CPU
		{3736A90E-FDB2-443F-988F-19871AC31326}.Setup|Any CPU.ActiveCfg = Release|Any CPU
		{3736A90E-FDB2-443F-988F-19871AC31326}.Setup|Any CPU.Build.0 = Release|Any CPU
		{3736A90E-FDB2-443F-988F-19871AC31326}.Setup|x64.ActiveCfg = Release|Any CPU
		{3736A90E-FDB2-443F-988F-19871AC31326}.Setup|x64.Build.0 = Release|Any CPU
		{3736A90E-FDB2-443F-988F-19871AC31326}.Setup|x86.ActiveCfg = Release|Any CPU
		{3736A90E-FDB2-443F-988F-19871AC31326}.Setup|x86.Build.0 = Release|Any CPU
		{3736A90E-FDB2-443F-988F-19871AC31326}.Surface Graph Viewer - Debug|Any CPU.ActiveCfg = Debug|Any CPU
		{3736A90E-FDB2-443F-988F-19871AC31326}.Surface Graph Viewer - Debug|Any CPU.Build.0 = Debug|Any CPU
		{3736A90E-FDB2-443F-988F-19871AC31326}.Surface Graph Viewer - Debug|x64.ActiveCfg = Debug|Any CPU
		{3736A90E-FDB2-443F-988F-19871AC31326}.Surface Graph Viewer - Debug|x64.Build.0 = Debug|Any CPU
		{3736A90E-FDB2-443F-988F-19871AC31326}.Surface Graph Viewer - Debug|x86.ActiveCfg = Debug|Any CPU
		{3736A90E-FDB2-443F-988F-19871AC31326}.Surface Graph Viewer - Debug|x86.Build.0 = Debug|Any CPU
		{3736A90E-FDB2-443F-988F-19871AC31326}.Surface Graph Viewer - Release|Any CPU.ActiveCfg = Release|Any CPU
		{3736A90E-FDB2-443F-988F-19871AC31326}.Surface Graph Viewer - Release|Any CPU.Build.0 = Release|Any CPU
		{3736A90E-FDB2-443F-988F-19871AC31326}.Surface Graph Viewer - Release|x64.ActiveCfg = Release|Any CPU
		{3736A90E-FDB2-443F-988F-19871AC31326}.Surface Graph Viewer - Release|x64.Build.0 = Release|Any CPU
		{3736A90E-FDB2-443F-988F-19871AC31326}.Surface Graph Viewer - Release|x86.ActiveCfg = Release|Any CPU
		{3736A90E-FDB2-443F-988F-19871AC31326}.Surface Graph Viewer - Release|x86.Build.0 = Release|Any CPU
		{A30D218B-AAA4-483A-99F7-EAEB1B8B4610}.CutRelease|Any CPU.ActiveCfg = Release|Any CPU
		{A30D218B-AAA4-483A-99F7-EAEB1B8B4610}.CutRelease|Any CPU.Build.0 = Release|Any CPU
		{A30D218B-AAA4-483A-99F7-EAEB1B8B4610}.CutRelease|x64.ActiveCfg = Release|Any CPU
		{A30D218B-AAA4-483A-99F7-EAEB1B8B4610}.CutRelease|x64.Build.0 = Release|Any CPU
		{A30D218B-AAA4-483A-99F7-EAEB1B8B4610}.CutRelease|x86.ActiveCfg = Release|Any CPU
		{A30D218B-AAA4-483A-99F7-EAEB1B8B4610}.CutRelease|x86.Build.0 = Release|Any CPU
		{A30D218B-AAA4-483A-99F7-EAEB1B8B4610}.Debug Surface Graph Viewer|Any CPU.ActiveCfg = Debug|Any CPU
		{A30D218B-AAA4-483A-99F7-EAEB1B8B4610}.Debug Surface Graph Viewer|Any CPU.Build.0 = Debug|Any CPU
		{A30D218B-AAA4-483A-99F7-EAEB1B8B4610}.Debug Surface Graph Viewer|x64.ActiveCfg = Debug|Any CPU
		{A30D218B-AAA4-483A-99F7-EAEB1B8B4610}.Debug Surface Graph Viewer|x64.Build.0 = Debug|Any CPU
		{A30D218B-AAA4-483A-99F7-EAEB1B8B4610}.Debug Surface Graph Viewer|x86.ActiveCfg = Debug|Any CPU
		{A30D218B-AAA4-483A-99F7-EAEB1B8B4610}.Debug Surface Graph Viewer|x86.Build.0 = Debug|Any CPU
		{A30D218B-AAA4-483A-99F7-EAEB1B8B4610}.Debug|Any CPU.ActiveCfg = Debug|Any CPU
		{A30D218B-AAA4-483A-99F7-EAEB1B8B4610}.Debug|Any CPU.Build.0 = Debug|Any CPU
		{A30D218B-AAA4-483A-99F7-EAEB1B8B4610}.Debug|x64.ActiveCfg = Debug|Any CPU
		{A30D218B-AAA4-483A-99F7-EAEB1B8B4610}.Debug|x64.Build.0 = Debug|Any CPU
		{A30D218B-AAA4-483A-99F7-EAEB1B8B4610}.Debug|x86.ActiveCfg = Debug|Any CPU
		{A30D218B-AAA4-483A-99F7-EAEB1B8B4610}.Debug|x86.Build.0 = Debug|Any CPU
		{A30D218B-AAA4-483A-99F7-EAEB1B8B4610}.DebugDevTrace|Any CPU.ActiveCfg = Debug|Any CPU
		{A30D218B-AAA4-483A-99F7-EAEB1B8B4610}.DebugDevTrace|Any CPU.Build.0 = Debug|Any CPU
		{A30D218B-AAA4-483A-99F7-EAEB1B8B4610}.DebugDevTrace|x64.ActiveCfg = Debug|Any CPU
		{A30D218B-AAA4-483A-99F7-EAEB1B8B4610}.DebugDevTrace|x64.Build.0 = Debug|Any CPU
		{A30D218B-AAA4-483A-99F7-EAEB1B8B4610}.DebugDevTrace|x86.ActiveCfg = Debug|Any CPU
		{A30D218B-AAA4-483A-99F7-EAEB1B8B4610}.DebugDevTrace|x86.Build.0 = Debug|Any CPU
		{A30D218B-AAA4-483A-99F7-EAEB1B8B4610}.DebugSurface|Any CPU.ActiveCfg = Debug|Any CPU
		{A30D218B-AAA4-483A-99F7-EAEB1B8B4610}.DebugSurface|Any CPU.Build.0 = Debug|Any CPU
		{A30D218B-AAA4-483A-99F7-EAEB1B8B4610}.DebugSurface|x64.ActiveCfg = Debug|Any CPU
		{A30D218B-AAA4-483A-99F7-EAEB1B8B4610}.DebugSurface|x64.Build.0 = Debug|Any CPU
		{A30D218B-AAA4-483A-99F7-EAEB1B8B4610}.DebugSurface|x86.ActiveCfg = Debug|Any CPU
		{A30D218B-AAA4-483A-99F7-EAEB1B8B4610}.DebugSurface|x86.Build.0 = Debug|Any CPU
		{A30D218B-AAA4-483A-99F7-EAEB1B8B4610}.DebugWithoutRebuild|Any CPU.ActiveCfg = Debug|Any CPU
		{A30D218B-AAA4-483A-99F7-EAEB1B8B4610}.DebugWithoutRebuild|Any CPU.Build.0 = Debug|Any CPU
		{A30D218B-AAA4-483A-99F7-EAEB1B8B4610}.DebugWithoutRebuild|x64.ActiveCfg = Debug|Any CPU
		{A30D218B-AAA4-483A-99F7-EAEB1B8B4610}.DebugWithoutRebuild|x64.Build.0 = Debug|Any CPU
		{A30D218B-AAA4-483A-99F7-EAEB1B8B4610}.DebugWithoutRebuild|x86.ActiveCfg = Debug|Any CPU
		{A30D218B-AAA4-483A-99F7-EAEB1B8B4610}.DebugWithoutRebuild|x86.Build.0 = Debug|Any CPU
		{A30D218B-AAA4-483A-99F7-EAEB1B8B4610}.MinimalMsagl|Any CPU.ActiveCfg = Release|Any CPU
		{A30D218B-AAA4-483A-99F7-EAEB1B8B4610}.MinimalMsagl|Any CPU.Build.0 = Release|Any CPU
		{A30D218B-AAA4-483A-99F7-EAEB1B8B4610}.MinimalMsagl|x64.ActiveCfg = Release|Any CPU
		{A30D218B-AAA4-483A-99F7-EAEB1B8B4610}.MinimalMsagl|x64.Build.0 = Release|Any CPU
		{A30D218B-AAA4-483A-99F7-EAEB1B8B4610}.MinimalMsagl|x86.ActiveCfg = Release|Any CPU
		{A30D218B-AAA4-483A-99F7-EAEB1B8B4610}.MinimalMsagl|x86.Build.0 = Release|Any CPU
		{A30D218B-AAA4-483A-99F7-EAEB1B8B4610}.Release|Any CPU.ActiveCfg = Release|Any CPU
		{A30D218B-AAA4-483A-99F7-EAEB1B8B4610}.Release|Any CPU.Build.0 = Release|Any CPU
		{A30D218B-AAA4-483A-99F7-EAEB1B8B4610}.Release|x64.ActiveCfg = Release|Any CPU
		{A30D218B-AAA4-483A-99F7-EAEB1B8B4610}.Release|x64.Build.0 = Release|Any CPU
		{A30D218B-AAA4-483A-99F7-EAEB1B8B4610}.Release|x86.ActiveCfg = Release|Any CPU
		{A30D218B-AAA4-483A-99F7-EAEB1B8B4610}.Release|x86.Build.0 = Release|Any CPU
		{A30D218B-AAA4-483A-99F7-EAEB1B8B4610}.Retail|Any CPU.ActiveCfg = Release|Any CPU
		{A30D218B-AAA4-483A-99F7-EAEB1B8B4610}.Retail|Any CPU.Build.0 = Release|Any CPU
		{A30D218B-AAA4-483A-99F7-EAEB1B8B4610}.Retail|x64.ActiveCfg = Release|Any CPU
		{A30D218B-AAA4-483A-99F7-EAEB1B8B4610}.Retail|x64.Build.0 = Release|Any CPU
		{A30D218B-AAA4-483A-99F7-EAEB1B8B4610}.Retail|x86.ActiveCfg = Release|Any CPU
		{A30D218B-AAA4-483A-99F7-EAEB1B8B4610}.Retail|x86.Build.0 = Release|Any CPU
		{A30D218B-AAA4-483A-99F7-EAEB1B8B4610}.Setup|Any CPU.ActiveCfg = Release|Any CPU
		{A30D218B-AAA4-483A-99F7-EAEB1B8B4610}.Setup|Any CPU.Build.0 = Release|Any CPU
		{A30D218B-AAA4-483A-99F7-EAEB1B8B4610}.Setup|x64.ActiveCfg = Release|Any CPU
		{A30D218B-AAA4-483A-99F7-EAEB1B8B4610}.Setup|x64.Build.0 = Release|Any CPU
		{A30D218B-AAA4-483A-99F7-EAEB1B8B4610}.Setup|x86.ActiveCfg = Release|Any CPU
		{A30D218B-AAA4-483A-99F7-EAEB1B8B4610}.Setup|x86.Build.0 = Release|Any CPU
		{A30D218B-AAA4-483A-99F7-EAEB1B8B4610}.Surface Graph Viewer - Debug|Any CPU.ActiveCfg = Debug|Any CPU
		{A30D218B-AAA4-483A-99F7-EAEB1B8B4610}.Surface Graph Viewer - Debug|Any CPU.Build.0 = Debug|Any CPU
		{A30D218B-AAA4-483A-99F7-EAEB1B8B4610}.Surface Graph Viewer - Debug|x64.ActiveCfg = Debug|Any CPU
		{A30D218B-AAA4-483A-99F7-EAEB1B8B4610}.Surface Graph Viewer - Debug|x64.Build.0 = Debug|Any CPU
		{A30D218B-AAA4-483A-99F7-EAEB1B8B4610}.Surface Graph Viewer - Debug|x86.ActiveCfg = Debug|Any CPU
		{A30D218B-AAA4-483A-99F7-EAEB1B8B4610}.Surface Graph Viewer - Debug|x86.Build.0 = Debug|Any CPU
		{A30D218B-AAA4-483A-99F7-EAEB1B8B4610}.Surface Graph Viewer - Release|Any CPU.ActiveCfg = Release|Any CPU
		{A30D218B-AAA4-483A-99F7-EAEB1B8B4610}.Surface Graph Viewer - Release|Any CPU.Build.0 = Release|Any CPU
		{A30D218B-AAA4-483A-99F7-EAEB1B8B4610}.Surface Graph Viewer - Release|x64.ActiveCfg = Release|Any CPU
		{A30D218B-AAA4-483A-99F7-EAEB1B8B4610}.Surface Graph Viewer - Release|x64.Build.0 = Release|Any CPU
		{A30D218B-AAA4-483A-99F7-EAEB1B8B4610}.Surface Graph Viewer - Release|x86.ActiveCfg = Release|Any CPU
		{A30D218B-AAA4-483A-99F7-EAEB1B8B4610}.Surface Graph Viewer - Release|x86.Build.0 = Release|Any CPU
		{3644D44B-DEC0-4B65-BBA0-C68E34821AAE}.CutRelease|Any CPU.ActiveCfg = Release|Any CPU
		{3644D44B-DEC0-4B65-BBA0-C68E34821AAE}.CutRelease|Any CPU.Build.0 = Release|Any CPU
		{3644D44B-DEC0-4B65-BBA0-C68E34821AAE}.CutRelease|x64.ActiveCfg = Release|Any CPU
		{3644D44B-DEC0-4B65-BBA0-C68E34821AAE}.CutRelease|x64.Build.0 = Release|Any CPU
		{3644D44B-DEC0-4B65-BBA0-C68E34821AAE}.CutRelease|x86.ActiveCfg = Release|Any CPU
		{3644D44B-DEC0-4B65-BBA0-C68E34821AAE}.CutRelease|x86.Build.0 = Release|Any CPU
		{3644D44B-DEC0-4B65-BBA0-C68E34821AAE}.Debug Surface Graph Viewer|Any CPU.ActiveCfg = Debug|Any CPU
		{3644D44B-DEC0-4B65-BBA0-C68E34821AAE}.Debug Surface Graph Viewer|Any CPU.Build.0 = Debug|Any CPU
		{3644D44B-DEC0-4B65-BBA0-C68E34821AAE}.Debug Surface Graph Viewer|x64.ActiveCfg = Debug|Any CPU
		{3644D44B-DEC0-4B65-BBA0-C68E34821AAE}.Debug Surface Graph Viewer|x64.Build.0 = Debug|Any CPU
		{3644D44B-DEC0-4B65-BBA0-C68E34821AAE}.Debug Surface Graph Viewer|x86.ActiveCfg = Debug|Any CPU
		{3644D44B-DEC0-4B65-BBA0-C68E34821AAE}.Debug Surface Graph Viewer|x86.Build.0 = Debug|Any CPU
		{3644D44B-DEC0-4B65-BBA0-C68E34821AAE}.Debug|Any CPU.ActiveCfg = Debug|Any CPU
		{3644D44B-DEC0-4B65-BBA0-C68E34821AAE}.Debug|Any CPU.Build.0 = Debug|Any CPU
		{3644D44B-DEC0-4B65-BBA0-C68E34821AAE}.Debug|x64.ActiveCfg = Debug|Any CPU
		{3644D44B-DEC0-4B65-BBA0-C68E34821AAE}.Debug|x64.Build.0 = Debug|Any CPU
		{3644D44B-DEC0-4B65-BBA0-C68E34821AAE}.Debug|x86.ActiveCfg = Debug|Any CPU
		{3644D44B-DEC0-4B65-BBA0-C68E34821AAE}.Debug|x86.Build.0 = Debug|Any CPU
		{3644D44B-DEC0-4B65-BBA0-C68E34821AAE}.DebugDevTrace|Any CPU.ActiveCfg = Debug|Any CPU
		{3644D44B-DEC0-4B65-BBA0-C68E34821AAE}.DebugDevTrace|Any CPU.Build.0 = Debug|Any CPU
		{3644D44B-DEC0-4B65-BBA0-C68E34821AAE}.DebugDevTrace|x64.ActiveCfg = Debug|Any CPU
		{3644D44B-DEC0-4B65-BBA0-C68E34821AAE}.DebugDevTrace|x64.Build.0 = Debug|Any CPU
		{3644D44B-DEC0-4B65-BBA0-C68E34821AAE}.DebugDevTrace|x86.ActiveCfg = Debug|Any CPU
		{3644D44B-DEC0-4B65-BBA0-C68E34821AAE}.DebugDevTrace|x86.Build.0 = Debug|Any CPU
		{3644D44B-DEC0-4B65-BBA0-C68E34821AAE}.DebugSurface|Any CPU.ActiveCfg = Debug|Any CPU
		{3644D44B-DEC0-4B65-BBA0-C68E34821AAE}.DebugSurface|Any CPU.Build.0 = Debug|Any CPU
		{3644D44B-DEC0-4B65-BBA0-C68E34821AAE}.DebugSurface|x64.ActiveCfg = Debug|Any CPU
		{3644D44B-DEC0-4B65-BBA0-C68E34821AAE}.DebugSurface|x64.Build.0 = Debug|Any CPU
		{3644D44B-DEC0-4B65-BBA0-C68E34821AAE}.DebugSurface|x86.ActiveCfg = Debug|Any CPU
		{3644D44B-DEC0-4B65-BBA0-C68E34821AAE}.DebugSurface|x86.Build.0 = Debug|Any CPU
		{3644D44B-DEC0-4B65-BBA0-C68E34821AAE}.DebugWithoutRebuild|Any CPU.ActiveCfg = Debug|Any CPU
		{3644D44B-DEC0-4B65-BBA0-C68E34821AAE}.DebugWithoutRebuild|Any CPU.Build.0 = Debug|Any CPU
		{3644D44B-DEC0-4B65-BBA0-C68E34821AAE}.DebugWithoutRebuild|x64.ActiveCfg = Debug|Any CPU
		{3644D44B-DEC0-4B65-BBA0-C68E34821AAE}.DebugWithoutRebuild|x64.Build.0 = Debug|Any CPU
		{3644D44B-DEC0-4B65-BBA0-C68E34821AAE}.DebugWithoutRebuild|x86.ActiveCfg = Debug|Any CPU
		{3644D44B-DEC0-4B65-BBA0-C68E34821AAE}.DebugWithoutRebuild|x86.Build.0 = Debug|Any CPU
		{3644D44B-DEC0-4B65-BBA0-C68E34821AAE}.MinimalMsagl|Any CPU.ActiveCfg = Release|Any CPU
		{3644D44B-DEC0-4B65-BBA0-C68E34821AAE}.MinimalMsagl|Any CPU.Build.0 = Release|Any CPU
		{3644D44B-DEC0-4B65-BBA0-C68E34821AAE}.MinimalMsagl|x64.ActiveCfg = Release|Any CPU
		{3644D44B-DEC0-4B65-BBA0-C68E34821AAE}.MinimalMsagl|x64.Build.0 = Release|Any CPU
		{3644D44B-DEC0-4B65-BBA0-C68E34821AAE}.MinimalMsagl|x86.ActiveCfg = Release|Any CPU
		{3644D44B-DEC0-4B65-BBA0-C68E34821AAE}.MinimalMsagl|x86.Build.0 = Release|Any CPU
		{3644D44B-DEC0-4B65-BBA0-C68E34821AAE}.Release|Any CPU.ActiveCfg = Release|Any CPU
		{3644D44B-DEC0-4B65-BBA0-C68E34821AAE}.Release|Any CPU.Build.0 = Release|Any CPU
		{3644D44B-DEC0-4B65-BBA0-C68E34821AAE}.Release|x64.ActiveCfg = Release|Any CPU
		{3644D44B-DEC0-4B65-BBA0-C68E34821AAE}.Release|x64.Build.0 = Release|Any CPU
		{3644D44B-DEC0-4B65-BBA0-C68E34821AAE}.Release|x86.ActiveCfg = Release|Any CPU
		{3644D44B-DEC0-4B65-BBA0-C68E34821AAE}.Release|x86.Build.0 = Release|Any CPU
		{3644D44B-DEC0-4B65-BBA0-C68E34821AAE}.Retail|Any CPU.ActiveCfg = Release|Any CPU
		{3644D44B-DEC0-4B65-BBA0-C68E34821AAE}.Retail|Any CPU.Build.0 = Release|Any CPU
		{3644D44B-DEC0-4B65-BBA0-C68E34821AAE}.Retail|x64.ActiveCfg = Release|Any CPU
		{3644D44B-DEC0-4B65-BBA0-C68E34821AAE}.Retail|x64.Build.0 = Release|Any CPU
		{3644D44B-DEC0-4B65-BBA0-C68E34821AAE}.Retail|x86.ActiveCfg = Release|Any CPU
		{3644D44B-DEC0-4B65-BBA0-C68E34821AAE}.Retail|x86.Build.0 = Release|Any CPU
		{3644D44B-DEC0-4B65-BBA0-C68E34821AAE}.Setup|Any CPU.ActiveCfg = Release|Any CPU
		{3644D44B-DEC0-4B65-BBA0-C68E34821AAE}.Setup|Any CPU.Build.0 = Release|Any CPU
		{3644D44B-DEC0-4B65-BBA0-C68E34821AAE}.Setup|x64.ActiveCfg = Release|Any CPU
		{3644D44B-DEC0-4B65-BBA0-C68E34821AAE}.Setup|x64.Build.0 = Release|Any CPU
		{3644D44B-DEC0-4B65-BBA0-C68E34821AAE}.Setup|x86.ActiveCfg = Release|Any CPU
		{3644D44B-DEC0-4B65-BBA0-C68E34821AAE}.Setup|x86.Build.0 = Release|Any CPU
		{3644D44B-DEC0-4B65-BBA0-C68E34821AAE}.Surface Graph Viewer - Debug|Any CPU.ActiveCfg = Debug|Any CPU
		{3644D44B-DEC0-4B65-BBA0-C68E34821AAE}.Surface Graph Viewer - Debug|Any CPU.Build.0 = Debug|Any CPU
		{3644D44B-DEC0-4B65-BBA0-C68E34821AAE}.Surface Graph Viewer - Debug|x64.ActiveCfg = Debug|Any CPU
		{3644D44B-DEC0-4B65-BBA0-C68E34821AAE}.Surface Graph Viewer - Debug|x64.Build.0 = Debug|Any CPU
		{3644D44B-DEC0-4B65-BBA0-C68E34821AAE}.Surface Graph Viewer - Debug|x86.ActiveCfg = Debug|Any CPU
		{3644D44B-DEC0-4B65-BBA0-C68E34821AAE}.Surface Graph Viewer - Debug|x86.Build.0 = Debug|Any CPU
		{3644D44B-DEC0-4B65-BBA0-C68E34821AAE}.Surface Graph Viewer - Release|Any CPU.ActiveCfg = Release|Any CPU
		{3644D44B-DEC0-4B65-BBA0-C68E34821AAE}.Surface Graph Viewer - Release|Any CPU.Build.0 = Release|Any CPU
		{3644D44B-DEC0-4B65-BBA0-C68E34821AAE}.Surface Graph Viewer - Release|x64.ActiveCfg = Release|Any CPU
		{3644D44B-DEC0-4B65-BBA0-C68E34821AAE}.Surface Graph Viewer - Release|x64.Build.0 = Release|Any CPU
		{3644D44B-DEC0-4B65-BBA0-C68E34821AAE}.Surface Graph Viewer - Release|x86.ActiveCfg = Release|Any CPU
		{3644D44B-DEC0-4B65-BBA0-C68E34821AAE}.Surface Graph Viewer - Release|x86.Build.0 = Release|Any CPU
		{D2E33FEE-6689-4BB4-A95C-1B5C327A1E8F}.CutRelease|Any CPU.ActiveCfg = Release|Any CPU
		{D2E33FEE-6689-4BB4-A95C-1B5C327A1E8F}.CutRelease|Any CPU.Build.0 = Release|Any CPU
		{D2E33FEE-6689-4BB4-A95C-1B5C327A1E8F}.CutRelease|x64.ActiveCfg = Release|Any CPU
		{D2E33FEE-6689-4BB4-A95C-1B5C327A1E8F}.CutRelease|x64.Build.0 = Release|Any CPU
		{D2E33FEE-6689-4BB4-A95C-1B5C327A1E8F}.CutRelease|x86.ActiveCfg = Release|x86
		{D2E33FEE-6689-4BB4-A95C-1B5C327A1E8F}.CutRelease|x86.Build.0 = Release|x86
		{D2E33FEE-6689-4BB4-A95C-1B5C327A1E8F}.Debug Surface Graph Viewer|Any CPU.ActiveCfg = Debug|Any CPU
		{D2E33FEE-6689-4BB4-A95C-1B5C327A1E8F}.Debug Surface Graph Viewer|Any CPU.Build.0 = Debug|Any CPU
		{D2E33FEE-6689-4BB4-A95C-1B5C327A1E8F}.Debug Surface Graph Viewer|x64.ActiveCfg = Debug|Any CPU
		{D2E33FEE-6689-4BB4-A95C-1B5C327A1E8F}.Debug Surface Graph Viewer|x64.Build.0 = Debug|Any CPU
		{D2E33FEE-6689-4BB4-A95C-1B5C327A1E8F}.Debug Surface Graph Viewer|x86.ActiveCfg = Debug|x86
		{D2E33FEE-6689-4BB4-A95C-1B5C327A1E8F}.Debug Surface Graph Viewer|x86.Build.0 = Debug|x86
		{D2E33FEE-6689-4BB4-A95C-1B5C327A1E8F}.Debug|Any CPU.ActiveCfg = Debug|Any CPU
		{D2E33FEE-6689-4BB4-A95C-1B5C327A1E8F}.Debug|Any CPU.Build.0 = Debug|Any CPU
		{D2E33FEE-6689-4BB4-A95C-1B5C327A1E8F}.Debug|x64.ActiveCfg = Debug|Any CPU
		{D2E33FEE-6689-4BB4-A95C-1B5C327A1E8F}.Debug|x64.Build.0 = Debug|Any CPU
		{D2E33FEE-6689-4BB4-A95C-1B5C327A1E8F}.Debug|x86.ActiveCfg = Debug|x86
		{D2E33FEE-6689-4BB4-A95C-1B5C327A1E8F}.Debug|x86.Build.0 = Debug|x86
		{D2E33FEE-6689-4BB4-A95C-1B5C327A1E8F}.DebugDevTrace|Any CPU.ActiveCfg = Debug|Any CPU
		{D2E33FEE-6689-4BB4-A95C-1B5C327A1E8F}.DebugDevTrace|Any CPU.Build.0 = Debug|Any CPU
		{D2E33FEE-6689-4BB4-A95C-1B5C327A1E8F}.DebugDevTrace|x64.ActiveCfg = Debug|Any CPU
		{D2E33FEE-6689-4BB4-A95C-1B5C327A1E8F}.DebugDevTrace|x64.Build.0 = Debug|Any CPU
		{D2E33FEE-6689-4BB4-A95C-1B5C327A1E8F}.DebugDevTrace|x86.ActiveCfg = Debug|x86
		{D2E33FEE-6689-4BB4-A95C-1B5C327A1E8F}.DebugDevTrace|x86.Build.0 = Debug|x86
		{D2E33FEE-6689-4BB4-A95C-1B5C327A1E8F}.DebugSurface|Any CPU.ActiveCfg = Debug|Any CPU
		{D2E33FEE-6689-4BB4-A95C-1B5C327A1E8F}.DebugSurface|Any CPU.Build.0 = Debug|Any CPU
		{D2E33FEE-6689-4BB4-A95C-1B5C327A1E8F}.DebugSurface|x64.ActiveCfg = Debug|Any CPU
		{D2E33FEE-6689-4BB4-A95C-1B5C327A1E8F}.DebugSurface|x64.Build.0 = Debug|Any CPU
		{D2E33FEE-6689-4BB4-A95C-1B5C327A1E8F}.DebugSurface|x86.ActiveCfg = Debug|x86
		{D2E33FEE-6689-4BB4-A95C-1B5C327A1E8F}.DebugSurface|x86.Build.0 = Debug|x86
		{D2E33FEE-6689-4BB4-A95C-1B5C327A1E8F}.DebugWithoutRebuild|Any CPU.ActiveCfg = Debug|Any CPU
		{D2E33FEE-6689-4BB4-A95C-1B5C327A1E8F}.DebugWithoutRebuild|Any CPU.Build.0 = Debug|Any CPU
		{D2E33FEE-6689-4BB4-A95C-1B5C327A1E8F}.DebugWithoutRebuild|x64.ActiveCfg = Debug|Any CPU
		{D2E33FEE-6689-4BB4-A95C-1B5C327A1E8F}.DebugWithoutRebuild|x64.Build.0 = Debug|Any CPU
		{D2E33FEE-6689-4BB4-A95C-1B5C327A1E8F}.DebugWithoutRebuild|x86.ActiveCfg = Debug|x86
		{D2E33FEE-6689-4BB4-A95C-1B5C327A1E8F}.DebugWithoutRebuild|x86.Build.0 = Debug|x86
		{D2E33FEE-6689-4BB4-A95C-1B5C327A1E8F}.MinimalMsagl|Any CPU.ActiveCfg = Release|Any CPU
		{D2E33FEE-6689-4BB4-A95C-1B5C327A1E8F}.MinimalMsagl|Any CPU.Build.0 = Release|Any CPU
		{D2E33FEE-6689-4BB4-A95C-1B5C327A1E8F}.MinimalMsagl|x64.ActiveCfg = Release|Any CPU
		{D2E33FEE-6689-4BB4-A95C-1B5C327A1E8F}.MinimalMsagl|x64.Build.0 = Release|Any CPU
		{D2E33FEE-6689-4BB4-A95C-1B5C327A1E8F}.MinimalMsagl|x86.ActiveCfg = Release|x86
		{D2E33FEE-6689-4BB4-A95C-1B5C327A1E8F}.MinimalMsagl|x86.Build.0 = Release|x86
		{D2E33FEE-6689-4BB4-A95C-1B5C327A1E8F}.Release|Any CPU.ActiveCfg = Release|Any CPU
		{D2E33FEE-6689-4BB4-A95C-1B5C327A1E8F}.Release|Any CPU.Build.0 = Release|Any CPU
		{D2E33FEE-6689-4BB4-A95C-1B5C327A1E8F}.Release|x64.ActiveCfg = Release|Any CPU
		{D2E33FEE-6689-4BB4-A95C-1B5C327A1E8F}.Release|x64.Build.0 = Release|Any CPU
		{D2E33FEE-6689-4BB4-A95C-1B5C327A1E8F}.Release|x86.ActiveCfg = Release|x86
		{D2E33FEE-6689-4BB4-A95C-1B5C327A1E8F}.Release|x86.Build.0 = Release|x86
		{D2E33FEE-6689-4BB4-A95C-1B5C327A1E8F}.Retail|Any CPU.ActiveCfg = Release|Any CPU
		{D2E33FEE-6689-4BB4-A95C-1B5C327A1E8F}.Retail|Any CPU.Build.0 = Release|Any CPU
		{D2E33FEE-6689-4BB4-A95C-1B5C327A1E8F}.Retail|x64.ActiveCfg = Release|Any CPU
		{D2E33FEE-6689-4BB4-A95C-1B5C327A1E8F}.Retail|x64.Build.0 = Release|Any CPU
		{D2E33FEE-6689-4BB4-A95C-1B5C327A1E8F}.Retail|x86.ActiveCfg = Release|x86
		{D2E33FEE-6689-4BB4-A95C-1B5C327A1E8F}.Retail|x86.Build.0 = Release|x86
		{D2E33FEE-6689-4BB4-A95C-1B5C327A1E8F}.Setup|Any CPU.ActiveCfg = Release|Any CPU
		{D2E33FEE-6689-4BB4-A95C-1B5C327A1E8F}.Setup|Any CPU.Build.0 = Release|Any CPU
		{D2E33FEE-6689-4BB4-A95C-1B5C327A1E8F}.Setup|x64.ActiveCfg = Release|Any CPU
		{D2E33FEE-6689-4BB4-A95C-1B5C327A1E8F}.Setup|x64.Build.0 = Release|Any CPU
		{D2E33FEE-6689-4BB4-A95C-1B5C327A1E8F}.Setup|x86.ActiveCfg = Release|x86
		{D2E33FEE-6689-4BB4-A95C-1B5C327A1E8F}.Setup|x86.Build.0 = Release|x86
		{D2E33FEE-6689-4BB4-A95C-1B5C327A1E8F}.Surface Graph Viewer - Debug|Any CPU.ActiveCfg = Debug|Any CPU
		{D2E33FEE-6689-4BB4-A95C-1B5C327A1E8F}.Surface Graph Viewer - Debug|Any CPU.Build.0 = Debug|Any CPU
		{D2E33FEE-6689-4BB4-A95C-1B5C327A1E8F}.Surface Graph Viewer - Debug|x64.ActiveCfg = Debug|Any CPU
		{D2E33FEE-6689-4BB4-A95C-1B5C327A1E8F}.Surface Graph Viewer - Debug|x64.Build.0 = Debug|Any CPU
		{D2E33FEE-6689-4BB4-A95C-1B5C327A1E8F}.Surface Graph Viewer - Debug|x86.ActiveCfg = Debug|x86
		{D2E33FEE-6689-4BB4-A95C-1B5C327A1E8F}.Surface Graph Viewer - Debug|x86.Build.0 = Debug|x86
		{D2E33FEE-6689-4BB4-A95C-1B5C327A1E8F}.Surface Graph Viewer - Release|Any CPU.ActiveCfg = Release|Any CPU
		{D2E33FEE-6689-4BB4-A95C-1B5C327A1E8F}.Surface Graph Viewer - Release|Any CPU.Build.0 = Release|Any CPU
		{D2E33FEE-6689-4BB4-A95C-1B5C327A1E8F}.Surface Graph Viewer - Release|x64.ActiveCfg = Release|Any CPU
		{D2E33FEE-6689-4BB4-A95C-1B5C327A1E8F}.Surface Graph Viewer - Release|x64.Build.0 = Release|Any CPU
		{D2E33FEE-6689-4BB4-A95C-1B5C327A1E8F}.Surface Graph Viewer - Release|x86.ActiveCfg = Release|x86
		{D2E33FEE-6689-4BB4-A95C-1B5C327A1E8F}.Surface Graph Viewer - Release|x86.Build.0 = Release|x86
	EndGlobalSection
	GlobalSection(SolutionProperties) = preSolution
		HideSolutionNode = FALSE
	EndGlobalSection
EndGlobal
